// !$*UTF8*$!
{
	archiveVersion = 1;
	classes = {
	};
	objectVersion = 56;
	objects = {

/* Begin PBXBuildFile section */
		750B32622921BF0700BF74EF /* WarrenChallengeReduxApp.swift in Sources */ = {isa = PBXBuildFile; fileRef = 750B32612921BF0700BF74EF /* WarrenChallengeReduxApp.swift */; };
		750B32662921BF0A00BF74EF /* Assets.xcassets in Resources */ = {isa = PBXBuildFile; fileRef = 750B32652921BF0A00BF74EF /* Assets.xcassets */; };
		750B326A2921BF0A00BF74EF /* Preview Assets.xcassets in Resources */ = {isa = PBXBuildFile; fileRef = 750B32692921BF0A00BF74EF /* Preview Assets.xcassets */; };
		750B32712921CF1900BF74EF /* LoginView.swift in Sources */ = {isa = PBXBuildFile; fileRef = 750B32702921CF1900BF74EF /* LoginView.swift */; };
		750B32732921D17C00BF74EF /* LandingView.swift in Sources */ = {isa = PBXBuildFile; fileRef = 750B32722921D17C00BF74EF /* LandingView.swift */; };
		750B327529228F8100BF74EF /* VisualConstants.swift in Sources */ = {isa = PBXBuildFile; fileRef = 750B327429228F8100BF74EF /* VisualConstants.swift */; };
		750B32782922A67300BF74EF /* WideButtonStyle.swift in Sources */ = {isa = PBXBuildFile; fileRef = 750B32772922A67300BF74EF /* WideButtonStyle.swift */; };
		750B327A2922AEE400BF74EF /* Store.swift in Sources */ = {isa = PBXBuildFile; fileRef = 750B32792922AEE400BF74EF /* Store.swift */; };
		750B327E2922AFEF00BF74EF /* AppReducer.swift in Sources */ = {isa = PBXBuildFile; fileRef = 750B327D2922AFEF00BF74EF /* AppReducer.swift */; };
		750B32812922B4C200BF74EF /* LoginRedux.swift in Sources */ = {isa = PBXBuildFile; fileRef = 750B32802922B4C200BF74EF /* LoginRedux.swift */; };
		750B32842922BED400BF74EF /* LoginWebService.swift in Sources */ = {isa = PBXBuildFile; fileRef = 750B32832922BED400BF74EF /* LoginWebService.swift */; };
		750B32872922BF5500BF74EF /* LoginMiddleware.swift in Sources */ = {isa = PBXBuildFile; fileRef = 750B32862922BF5500BF74EF /* LoginMiddleware.swift */; };
		750B328A2922CD6A00BF74EF /* TokenLocalPersistence.swift in Sources */ = {isa = PBXBuildFile; fileRef = 750B32892922CD6A00BF74EF /* TokenLocalPersistence.swift */; };
		750B328D2923C61500BF74EF /* InvestmentsView.swift in Sources */ = {isa = PBXBuildFile; fileRef = 750B328C2923C61500BF74EF /* InvestmentsView.swift */; };
		750B328F2924037900BF74EF /* ContentView.swift in Sources */ = {isa = PBXBuildFile; fileRef = 750B328E2924037900BF74EF /* ContentView.swift */; };
		7553FE52292440E300BC56D2 /* LoginModels.swift in Sources */ = {isa = PBXBuildFile; fileRef = 7553FE51292440E300BC56D2 /* LoginModels.swift */; };
		7553FE54292440FC00BC56D2 /* NetworkErrors.swift in Sources */ = {isa = PBXBuildFile; fileRef = 7553FE53292440FC00BC56D2 /* NetworkErrors.swift */; };
		7553FE582924422F00BC56D2 /* InvestmentWebService.swift in Sources */ = {isa = PBXBuildFile; fileRef = 7553FE572924422F00BC56D2 /* InvestmentWebService.swift */; };
		7590E1C42924B5E400CDAAFC /* ImageLoader.swift in Sources */ = {isa = PBXBuildFile; fileRef = 7590E1C32924B5E400CDAAFC /* ImageLoader.swift */; };
		7590E1C62924B62700CDAAFC /* ImageDataFetcherWebService.swift in Sources */ = {isa = PBXBuildFile; fileRef = 7590E1C52924B62700CDAAFC /* ImageDataFetcherWebService.swift */; };
		7590E1CF2924CD4E00CDAAFC /* InvestmentView.swift in Sources */ = {isa = PBXBuildFile; fileRef = 7590E1CE2924CD4E00CDAAFC /* InvestmentView.swift */; };
		7590E1D72925026E00CDAAFC /* LoginRuducerTest.swift in Sources */ = {isa = PBXBuildFile; fileRef = 7590E1D62925026E00CDAAFC /* LoginRuducerTest.swift */; };
		7590E1DD292502DB00CDAAFC /* LoginRedux.swift in Sources */ = {isa = PBXBuildFile; fileRef = 750B32802922B4C200BF74EF /* LoginRedux.swift */; };
		7590E1DE292504D500CDAAFC /* Store.swift in Sources */ = {isa = PBXBuildFile; fileRef = 750B32792922AEE400BF74EF /* Store.swift */; };
		7590E1DF292504F500CDAAFC /* InvestmentsRedux.swift in Sources */ = {isa = PBXBuildFile; fileRef = 75FDC09B29248F090020F865 /* InvestmentsRedux.swift */; };
		7590E1E0292504FA00CDAAFC /* TokenLocalPersistence.swift in Sources */ = {isa = PBXBuildFile; fileRef = 750B32892922CD6A00BF74EF /* TokenLocalPersistence.swift */; };
		7590E1E12925050900CDAAFC /* PortfoliosModel.swift in Sources */ = {isa = PBXBuildFile; fileRef = 75FDC09729245C7B0020F865 /* PortfoliosModel.swift */; };
		7590E1E22925051D00CDAAFC /* NetworkErrors.swift in Sources */ = {isa = PBXBuildFile; fileRef = 7553FE53292440FC00BC56D2 /* NetworkErrors.swift */; };
		75FDC09829245C7B0020F865 /* PortfoliosModel.swift in Sources */ = {isa = PBXBuildFile; fileRef = 75FDC09729245C7B0020F865 /* PortfoliosModel.swift */; };
		75FDC09A29248EDC0020F865 /* InvestmentsMiddleware.swift in Sources */ = {isa = PBXBuildFile; fileRef = 75FDC09929248EDC0020F865 /* InvestmentsMiddleware.swift */; };
		75FDC09C29248F090020F865 /* InvestmentsRedux.swift in Sources */ = {isa = PBXBuildFile; fileRef = 75FDC09B29248F090020F865 /* InvestmentsRedux.swift */; };
/* End PBXBuildFile section */

/* Begin PBXContainerItemProxy section */
		7590E1D82925026E00CDAAFC /* PBXContainerItemProxy */ = {
			isa = PBXContainerItemProxy;
			containerPortal = 750B32562921BF0700BF74EF /* Project object */;
			proxyType = 1;
			remoteGlobalIDString = 750B325D2921BF0700BF74EF;
			remoteInfo = WarrenChallengeRedux;
		};
/* End PBXContainerItemProxy section */

/* Begin PBXFileReference section */
		750B325E2921BF0700BF74EF /* WarrenChallengeRedux.app */ = {isa = PBXFileReference; explicitFileType = wrapper.application; includeInIndex = 0; path = WarrenChallengeRedux.app; sourceTree = BUILT_PRODUCTS_DIR; };
		750B32612921BF0700BF74EF /* WarrenChallengeReduxApp.swift */ = {isa = PBXFileReference; lastKnownFileType = sourcecode.swift; path = WarrenChallengeReduxApp.swift; sourceTree = "<group>"; };
		750B32652921BF0A00BF74EF /* Assets.xcassets */ = {isa = PBXFileReference; lastKnownFileType = folder.assetcatalog; path = Assets.xcassets; sourceTree = "<group>"; };
		750B32672921BF0A00BF74EF /* WarrenChallengeRedux.entitlements */ = {isa = PBXFileReference; lastKnownFileType = text.plist.entitlements; path = WarrenChallengeRedux.entitlements; sourceTree = "<group>"; };
		750B32692921BF0A00BF74EF /* Preview Assets.xcassets */ = {isa = PBXFileReference; lastKnownFileType = folder.assetcatalog; path = "Preview Assets.xcassets"; sourceTree = "<group>"; };
		750B32702921CF1900BF74EF /* LoginView.swift */ = {isa = PBXFileReference; lastKnownFileType = sourcecode.swift; path = LoginView.swift; sourceTree = "<group>"; };
		750B32722921D17C00BF74EF /* LandingView.swift */ = {isa = PBXFileReference; lastKnownFileType = sourcecode.swift; path = LandingView.swift; sourceTree = "<group>"; };
		750B327429228F8100BF74EF /* VisualConstants.swift */ = {isa = PBXFileReference; lastKnownFileType = sourcecode.swift; path = VisualConstants.swift; sourceTree = "<group>"; };
		750B32772922A67300BF74EF /* WideButtonStyle.swift */ = {isa = PBXFileReference; lastKnownFileType = sourcecode.swift; path = WideButtonStyle.swift; sourceTree = "<group>"; };
		750B32792922AEE400BF74EF /* Store.swift */ = {isa = PBXFileReference; lastKnownFileType = sourcecode.swift; path = Store.swift; sourceTree = "<group>"; };
		750B327D2922AFEF00BF74EF /* AppReducer.swift */ = {isa = PBXFileReference; lastKnownFileType = sourcecode.swift; path = AppReducer.swift; sourceTree = "<group>"; };
		750B32802922B4C200BF74EF /* LoginRedux.swift */ = {isa = PBXFileReference; lastKnownFileType = sourcecode.swift; path = LoginRedux.swift; sourceTree = "<group>"; };
		750B32832922BED400BF74EF /* LoginWebService.swift */ = {isa = PBXFileReference; lastKnownFileType = sourcecode.swift; path = LoginWebService.swift; sourceTree = "<group>"; };
		750B32862922BF5500BF74EF /* LoginMiddleware.swift */ = {isa = PBXFileReference; lastKnownFileType = sourcecode.swift; path = LoginMiddleware.swift; sourceTree = "<group>"; };
		750B32892922CD6A00BF74EF /* TokenLocalPersistence.swift */ = {isa = PBXFileReference; lastKnownFileType = sourcecode.swift; path = TokenLocalPersistence.swift; sourceTree = "<group>"; };
		750B328C2923C61500BF74EF /* InvestmentsView.swift */ = {isa = PBXFileReference; lastKnownFileType = sourcecode.swift; path = InvestmentsView.swift; sourceTree = "<group>"; };
		750B328E2924037900BF74EF /* ContentView.swift */ = {isa = PBXFileReference; lastKnownFileType = sourcecode.swift; path = ContentView.swift; sourceTree = "<group>"; };
		7553FE51292440E300BC56D2 /* LoginModels.swift */ = {isa = PBXFileReference; lastKnownFileType = sourcecode.swift; path = LoginModels.swift; sourceTree = "<group>"; };
		7553FE53292440FC00BC56D2 /* NetworkErrors.swift */ = {isa = PBXFileReference; lastKnownFileType = sourcecode.swift; path = NetworkErrors.swift; sourceTree = "<group>"; };
		7553FE572924422F00BC56D2 /* InvestmentWebService.swift */ = {isa = PBXFileReference; lastKnownFileType = sourcecode.swift; path = InvestmentWebService.swift; sourceTree = "<group>"; };
		7590E1C32924B5E400CDAAFC /* ImageLoader.swift */ = {isa = PBXFileReference; lastKnownFileType = sourcecode.swift; path = ImageLoader.swift; sourceTree = "<group>"; };
		7590E1C52924B62700CDAAFC /* ImageDataFetcherWebService.swift */ = {isa = PBXFileReference; lastKnownFileType = sourcecode.swift; path = ImageDataFetcherWebService.swift; sourceTree = "<group>"; };
		7590E1CE2924CD4E00CDAAFC /* InvestmentView.swift */ = {isa = PBXFileReference; lastKnownFileType = sourcecode.swift; path = InvestmentView.swift; sourceTree = "<group>"; };
		7590E1D42925026E00CDAAFC /* WarrenChallengeReduxUnitTests.xctest */ = {isa = PBXFileReference; explicitFileType = wrapper.cfbundle; includeInIndex = 0; path = WarrenChallengeReduxUnitTests.xctest; sourceTree = BUILT_PRODUCTS_DIR; };
		7590E1D62925026E00CDAAFC /* LoginRuducerTest.swift */ = {isa = PBXFileReference; lastKnownFileType = sourcecode.swift; path = LoginRuducerTest.swift; sourceTree = "<group>"; };
		75FDC09729245C7B0020F865 /* PortfoliosModel.swift */ = {isa = PBXFileReference; lastKnownFileType = sourcecode.swift; path = PortfoliosModel.swift; sourceTree = "<group>"; };
		75FDC09929248EDC0020F865 /* InvestmentsMiddleware.swift */ = {isa = PBXFileReference; lastKnownFileType = sourcecode.swift; path = InvestmentsMiddleware.swift; sourceTree = "<group>"; };
		75FDC09B29248F090020F865 /* InvestmentsRedux.swift */ = {isa = PBXFileReference; lastKnownFileType = sourcecode.swift; path = InvestmentsRedux.swift; sourceTree = "<group>"; };
/* End PBXFileReference section */

/* Begin PBXFrameworksBuildPhase section */
		750B325B2921BF0700BF74EF /* Frameworks */ = {
			isa = PBXFrameworksBuildPhase;
			buildActionMask = 2147483647;
			files = (
			);
			runOnlyForDeploymentPostprocessing = 0;
		};
		7590E1D12925026E00CDAAFC /* Frameworks */ = {
			isa = PBXFrameworksBuildPhase;
			buildActionMask = 2147483647;
			files = (
			);
			runOnlyForDeploymentPostprocessing = 0;
		};
/* End PBXFrameworksBuildPhase section */

/* Begin PBXGroup section */
		750B32552921BF0700BF74EF = {
			isa = PBXGroup;
			children = (
				750B32602921BF0700BF74EF /* WarrenChallengeRedux */,
				7590E1D52925026E00CDAAFC /* WarrenChallengeReduxUnitTests */,
				750B325F2921BF0700BF74EF /* Products */,
			);
			sourceTree = "<group>";
		};
		750B325F2921BF0700BF74EF /* Products */ = {
			isa = PBXGroup;
			children = (
				750B325E2921BF0700BF74EF /* WarrenChallengeRedux.app */,
				7590E1D42925026E00CDAAFC /* WarrenChallengeReduxUnitTests.xctest */,
			);
			name = Products;
			sourceTree = "<group>";
		};
		750B32602921BF0700BF74EF /* WarrenChallengeRedux */ = {
			isa = PBXGroup;
			children = (
				750B32882922CD4300BF74EF /* Helpers */,
				750B32822922BEAF00BF74EF /* WebServices */,
				750B32762922A64200BF74EF /* VisualComponentsAndConstants */,
				750B327F2922B4A800BF74EF /* LoginScene */,
				750B328B2923C5D600BF74EF /* InvestmentsScene */,
				750B32722921D17C00BF74EF /* LandingView.swift */,
				750B32612921BF0700BF74EF /* WarrenChallengeReduxApp.swift */,
				750B328E2924037900BF74EF /* ContentView.swift */,
				750B327B2922AFBF00BF74EF /* Store */,
				750B32682921BF0A00BF74EF /* Preview Content */,
				750B32652921BF0A00BF74EF /* Assets.xcassets */,
				750B32672921BF0A00BF74EF /* WarrenChallengeRedux.entitlements */,
			);
			path = WarrenChallengeRedux;
			sourceTree = "<group>";
		};
		750B32682921BF0A00BF74EF /* Preview Content */ = {
			isa = PBXGroup;
			children = (
				750B32692921BF0A00BF74EF /* Preview Assets.xcassets */,
			);
			path = "Preview Content";
			sourceTree = "<group>";
		};
		750B32762922A64200BF74EF /* VisualComponentsAndConstants */ = {
			isa = PBXGroup;
			children = (
				750B327429228F8100BF74EF /* VisualConstants.swift */,
				750B32772922A67300BF74EF /* WideButtonStyle.swift */,
			);
			path = VisualComponentsAndConstants;
			sourceTree = "<group>";
		};
		750B327B2922AFBF00BF74EF /* Store */ = {
			isa = PBXGroup;
			children = (
				750B327C2922AFDB00BF74EF /* Reducers */,
				750B32792922AEE400BF74EF /* Store.swift */,
			);
			path = Store;
			sourceTree = "<group>";
		};
		750B327C2922AFDB00BF74EF /* Reducers */ = {
			isa = PBXGroup;
			children = (
				750B327D2922AFEF00BF74EF /* AppReducer.swift */,
			);
			path = Reducers;
			sourceTree = "<group>";
		};
		750B327F2922B4A800BF74EF /* LoginScene */ = {
			isa = PBXGroup;
			children = (
				750B32702921CF1900BF74EF /* LoginView.swift */,
				750B32802922B4C200BF74EF /* LoginRedux.swift */,
				750B32862922BF5500BF74EF /* LoginMiddleware.swift */,
			);
			path = LoginScene;
			sourceTree = "<group>";
		};
		750B32822922BEAF00BF74EF /* WebServices */ = {
			isa = PBXGroup;
			children = (
				7590E1C72924B63500CDAAFC /* Images */,
				7553FE56292441FD00BC56D2 /* Investments */,
				7553FE55292441E200BC56D2 /* Login */,
				7553FE53292440FC00BC56D2 /* NetworkErrors.swift */,
			);
			path = WebServices;
			sourceTree = "<group>";
		};
		750B32882922CD4300BF74EF /* Helpers */ = {
			isa = PBXGroup;
			children = (
				750B32892922CD6A00BF74EF /* TokenLocalPersistence.swift */,
				7590E1C32924B5E400CDAAFC /* ImageLoader.swift */,
			);
			path = Helpers;
			sourceTree = "<group>";
		};
		750B328B2923C5D600BF74EF /* InvestmentsScene */ = {
			isa = PBXGroup;
			children = (
				750B328C2923C61500BF74EF /* InvestmentsView.swift */,
				75FDC09B29248F090020F865 /* InvestmentsRedux.swift */,
				75FDC09929248EDC0020F865 /* InvestmentsMiddleware.swift */,
				7590E1CE2924CD4E00CDAAFC /* InvestmentView.swift */,
			);
			path = InvestmentsScene;
			sourceTree = "<group>";
		};
		7553FE55292441E200BC56D2 /* Login */ = {
			isa = PBXGroup;
			children = (
				750B32832922BED400BF74EF /* LoginWebService.swift */,
				7553FE51292440E300BC56D2 /* LoginModels.swift */,
			);
			path = Login;
			sourceTree = "<group>";
		};
		7553FE56292441FD00BC56D2 /* Investments */ = {
			isa = PBXGroup;
			children = (
				7553FE572924422F00BC56D2 /* InvestmentWebService.swift */,
				75FDC09729245C7B0020F865 /* PortfoliosModel.swift */,
			);
			path = Investments;
			sourceTree = "<group>";
		};
		7590E1C72924B63500CDAAFC /* Images */ = {
			isa = PBXGroup;
			children = (
				7590E1C52924B62700CDAAFC /* ImageDataFetcherWebService.swift */,
			);
			path = Images;
			sourceTree = "<group>";
		};
		7590E1D52925026E00CDAAFC /* WarrenChallengeReduxUnitTests */ = {
			isa = PBXGroup;
			children = (
				7590E1D62925026E00CDAAFC /* LoginRuducerTest.swift */,
			);
			path = WarrenChallengeReduxUnitTests;
			sourceTree = "<group>";
		};
/* End PBXGroup section */

/* Begin PBXNativeTarget section */
		750B325D2921BF0700BF74EF /* WarrenChallengeRedux */ = {
			isa = PBXNativeTarget;
			buildConfigurationList = 750B326D2921BF0A00BF74EF /* Build configuration list for PBXNativeTarget "WarrenChallengeRedux" */;
			buildPhases = (
				750B325A2921BF0700BF74EF /* Sources */,
				750B325B2921BF0700BF74EF /* Frameworks */,
				750B325C2921BF0700BF74EF /* Resources */,
			);
			buildRules = (
			);
			dependencies = (
			);
			name = WarrenChallengeRedux;
			productName = WarrenChallengeRedux;
			productReference = 750B325E2921BF0700BF74EF /* WarrenChallengeRedux.app */;
			productType = "com.apple.product-type.application";
		};
		7590E1D32925026E00CDAAFC /* WarrenChallengeReduxUnitTests */ = {
			isa = PBXNativeTarget;
			buildConfigurationList = 7590E1DC2925026E00CDAAFC /* Build configuration list for PBXNativeTarget "WarrenChallengeReduxUnitTests" */;
			buildPhases = (
				7590E1D02925026E00CDAAFC /* Sources */,
				7590E1D12925026E00CDAAFC /* Frameworks */,
				7590E1D22925026E00CDAAFC /* Resources */,
			);
			buildRules = (
			);
			dependencies = (
				7590E1D92925026E00CDAAFC /* PBXTargetDependency */,
			);
			name = WarrenChallengeReduxUnitTests;
			productName = WarrenChallengeReduxUnitTests;
			productReference = 7590E1D42925026E00CDAAFC /* WarrenChallengeReduxUnitTests.xctest */;
			productType = "com.apple.product-type.bundle.unit-test";
		};
/* End PBXNativeTarget section */

/* Begin PBXProject section */
		750B32562921BF0700BF74EF /* Project object */ = {
			isa = PBXProject;
			attributes = {
				BuildIndependentTargetsInParallel = 1;
				LastSwiftUpdateCheck = 1410;
				LastUpgradeCheck = 1410;
				TargetAttributes = {
					750B325D2921BF0700BF74EF = {
						CreatedOnToolsVersion = 14.1;
					};
					7590E1D32925026E00CDAAFC = {
						CreatedOnToolsVersion = 14.1;
						TestTargetID = 750B325D2921BF0700BF74EF;
					};
				};
			};
			buildConfigurationList = 750B32592921BF0700BF74EF /* Build configuration list for PBXProject "WarrenChallengeRedux" */;
			compatibilityVersion = "Xcode 14.0";
			developmentRegion = en;
			hasScannedForEncodings = 0;
			knownRegions = (
				en,
				Base,
			);
			mainGroup = 750B32552921BF0700BF74EF;
			productRefGroup = 750B325F2921BF0700BF74EF /* Products */;
			projectDirPath = "";
			projectRoot = "";
			targets = (
				750B325D2921BF0700BF74EF /* WarrenChallengeRedux */,
				7590E1D32925026E00CDAAFC /* WarrenChallengeReduxUnitTests */,
			);
		};
/* End PBXProject section */

/* Begin PBXResourcesBuildPhase section */
		750B325C2921BF0700BF74EF /* Resources */ = {
			isa = PBXResourcesBuildPhase;
			buildActionMask = 2147483647;
			files = (
				750B326A2921BF0A00BF74EF /* Preview Assets.xcassets in Resources */,
				750B32662921BF0A00BF74EF /* Assets.xcassets in Resources */,
			);
			runOnlyForDeploymentPostprocessing = 0;
		};
		7590E1D22925026E00CDAAFC /* Resources */ = {
			isa = PBXResourcesBuildPhase;
			buildActionMask = 2147483647;
			files = (
			);
			runOnlyForDeploymentPostprocessing = 0;
		};
/* End PBXResourcesBuildPhase section */

/* Begin PBXSourcesBuildPhase section */
		750B325A2921BF0700BF74EF /* Sources */ = {
			isa = PBXSourcesBuildPhase;
			buildActionMask = 2147483647;
			files = (
				75FDC09829245C7B0020F865 /* PortfoliosModel.swift in Sources */,
				750B32842922BED400BF74EF /* LoginWebService.swift in Sources */,
				7590E1C42924B5E400CDAAFC /* ImageLoader.swift in Sources */,
				7553FE582924422F00BC56D2 /* InvestmentWebService.swift in Sources */,
				750B32782922A67300BF74EF /* WideButtonStyle.swift in Sources */,
				7590E1C62924B62700CDAAFC /* ImageDataFetcherWebService.swift in Sources */,
				75FDC09C29248F090020F865 /* InvestmentsRedux.swift in Sources */,
				750B32712921CF1900BF74EF /* LoginView.swift in Sources */,
				750B32872922BF5500BF74EF /* LoginMiddleware.swift in Sources */,
				75FDC09A29248EDC0020F865 /* InvestmentsMiddleware.swift in Sources */,
				750B328A2922CD6A00BF74EF /* TokenLocalPersistence.swift in Sources */,
				750B327E2922AFEF00BF74EF /* AppReducer.swift in Sources */,
				750B32732921D17C00BF74EF /* LandingView.swift in Sources */,
				750B328D2923C61500BF74EF /* InvestmentsView.swift in Sources */,
				750B32812922B4C200BF74EF /* LoginRedux.swift in Sources */,
				7553FE54292440FC00BC56D2 /* NetworkErrors.swift in Sources */,
				7553FE52292440E300BC56D2 /* LoginModels.swift in Sources */,
				7590E1CF2924CD4E00CDAAFC /* InvestmentView.swift in Sources */,
				750B327A2922AEE400BF74EF /* Store.swift in Sources */,
				750B328F2924037900BF74EF /* ContentView.swift in Sources */,
				750B32622921BF0700BF74EF /* WarrenChallengeReduxApp.swift in Sources */,
				750B327529228F8100BF74EF /* VisualConstants.swift in Sources */,
			);
			runOnlyForDeploymentPostprocessing = 0;
		};
		7590E1D02925026E00CDAAFC /* Sources */ = {
			isa = PBXSourcesBuildPhase;
			buildActionMask = 2147483647;
			files = (
				7590E1DE292504D500CDAAFC /* Store.swift in Sources */,
				7590E1E0292504FA00CDAAFC /* TokenLocalPersistence.swift in Sources */,
				7590E1DF292504F500CDAAFC /* InvestmentsRedux.swift in Sources */,
				7590E1E22925051D00CDAAFC /* NetworkErrors.swift in Sources */,
				7590E1DD292502DB00CDAAFC /* LoginRedux.swift in Sources */,
				7590E1E12925050900CDAAFC /* PortfoliosModel.swift in Sources */,
				7590E1D72925026E00CDAAFC /* LoginRuducerTest.swift in Sources */,
			);
			runOnlyForDeploymentPostprocessing = 0;
		};
/* End PBXSourcesBuildPhase section */

/* Begin PBXTargetDependency section */
		7590E1D92925026E00CDAAFC /* PBXTargetDependency */ = {
			isa = PBXTargetDependency;
			target = 750B325D2921BF0700BF74EF /* WarrenChallengeRedux */;
			targetProxy = 7590E1D82925026E00CDAAFC /* PBXContainerItemProxy */;
		};
/* End PBXTargetDependency section */

/* Begin XCBuildConfiguration section */
		750B326B2921BF0A00BF74EF /* Debug */ = {
			isa = XCBuildConfiguration;
			buildSettings = {
				ALWAYS_SEARCH_USER_PATHS = NO;
				CLANG_ANALYZER_NONNULL = YES;
				CLANG_ANALYZER_NUMBER_OBJECT_CONVERSION = YES_AGGRESSIVE;
				CLANG_CXX_LANGUAGE_STANDARD = "gnu++20";
				CLANG_ENABLE_MODULES = YES;
				CLANG_ENABLE_OBJC_ARC = YES;
				CLANG_ENABLE_OBJC_WEAK = YES;
				CLANG_WARN_BLOCK_CAPTURE_AUTORELEASING = YES;
				CLANG_WARN_BOOL_CONVERSION = YES;
				CLANG_WARN_COMMA = YES;
				CLANG_WARN_CONSTANT_CONVERSION = YES;
				CLANG_WARN_DEPRECATED_OBJC_IMPLEMENTATIONS = YES;
				CLANG_WARN_DIRECT_OBJC_ISA_USAGE = YES_ERROR;
				CLANG_WARN_DOCUMENTATION_COMMENTS = YES;
				CLANG_WARN_EMPTY_BODY = YES;
				CLANG_WARN_ENUM_CONVERSION = YES;
				CLANG_WARN_INFINITE_RECURSION = YES;
				CLANG_WARN_INT_CONVERSION = YES;
				CLANG_WARN_NON_LITERAL_NULL_CONVERSION = YES;
				CLANG_WARN_OBJC_IMPLICIT_RETAIN_SELF = YES;
				CLANG_WARN_OBJC_LITERAL_CONVERSION = YES;
				CLANG_WARN_OBJC_ROOT_CLASS = YES_ERROR;
				CLANG_WARN_QUOTED_INCLUDE_IN_FRAMEWORK_HEADER = YES;
				CLANG_WARN_RANGE_LOOP_ANALYSIS = YES;
				CLANG_WARN_STRICT_PROTOTYPES = YES;
				CLANG_WARN_SUSPICIOUS_MOVE = YES;
				CLANG_WARN_UNGUARDED_AVAILABILITY = YES_AGGRESSIVE;
				CLANG_WARN_UNREACHABLE_CODE = YES;
				CLANG_WARN__DUPLICATE_METHOD_MATCH = YES;
				COPY_PHASE_STRIP = NO;
				DEBUG_INFORMATION_FORMAT = dwarf;
				ENABLE_STRICT_OBJC_MSGSEND = YES;
				ENABLE_TESTABILITY = YES;
				GCC_C_LANGUAGE_STANDARD = gnu11;
				GCC_DYNAMIC_NO_PIC = NO;
				GCC_NO_COMMON_BLOCKS = YES;
				GCC_OPTIMIZATION_LEVEL = 0;
				GCC_PREPROCESSOR_DEFINITIONS = (
					"DEBUG=1",
					"$(inherited)",
				);
				GCC_WARN_64_TO_32_BIT_CONVERSION = YES;
				GCC_WARN_ABOUT_RETURN_TYPE = YES_ERROR;
				GCC_WARN_UNDECLARED_SELECTOR = YES;
				GCC_WARN_UNINITIALIZED_AUTOS = YES_AGGRESSIVE;
				GCC_WARN_UNUSED_FUNCTION = YES;
				GCC_WARN_UNUSED_VARIABLE = YES;
				MTL_ENABLE_DEBUG_INFO = INCLUDE_SOURCE;
				MTL_FAST_MATH = YES;
				ONLY_ACTIVE_ARCH = YES;
				SWIFT_ACTIVE_COMPILATION_CONDITIONS = DEBUG;
				SWIFT_OPTIMIZATION_LEVEL = "-Onone";
			};
			name = Debug;
		};
		750B326C2921BF0A00BF74EF /* Release */ = {
			isa = XCBuildConfiguration;
			buildSettings = {
				ALWAYS_SEARCH_USER_PATHS = NO;
				CLANG_ANALYZER_NONNULL = YES;
				CLANG_ANALYZER_NUMBER_OBJECT_CONVERSION = YES_AGGRESSIVE;
				CLANG_CXX_LANGUAGE_STANDARD = "gnu++20";
				CLANG_ENABLE_MODULES = YES;
				CLANG_ENABLE_OBJC_ARC = YES;
				CLANG_ENABLE_OBJC_WEAK = YES;
				CLANG_WARN_BLOCK_CAPTURE_AUTORELEASING = YES;
				CLANG_WARN_BOOL_CONVERSION = YES;
				CLANG_WARN_COMMA = YES;
				CLANG_WARN_CONSTANT_CONVERSION = YES;
				CLANG_WARN_DEPRECATED_OBJC_IMPLEMENTATIONS = YES;
				CLANG_WARN_DIRECT_OBJC_ISA_USAGE = YES_ERROR;
				CLANG_WARN_DOCUMENTATION_COMMENTS = YES;
				CLANG_WARN_EMPTY_BODY = YES;
				CLANG_WARN_ENUM_CONVERSION = YES;
				CLANG_WARN_INFINITE_RECURSION = YES;
				CLANG_WARN_INT_CONVERSION = YES;
				CLANG_WARN_NON_LITERAL_NULL_CONVERSION = YES;
				CLANG_WARN_OBJC_IMPLICIT_RETAIN_SELF = YES;
				CLANG_WARN_OBJC_LITERAL_CONVERSION = YES;
				CLANG_WARN_OBJC_ROOT_CLASS = YES_ERROR;
				CLANG_WARN_QUOTED_INCLUDE_IN_FRAMEWORK_HEADER = YES;
				CLANG_WARN_RANGE_LOOP_ANALYSIS = YES;
				CLANG_WARN_STRICT_PROTOTYPES = YES;
				CLANG_WARN_SUSPICIOUS_MOVE = YES;
				CLANG_WARN_UNGUARDED_AVAILABILITY = YES_AGGRESSIVE;
				CLANG_WARN_UNREACHABLE_CODE = YES;
				CLANG_WARN__DUPLICATE_METHOD_MATCH = YES;
				COPY_PHASE_STRIP = NO;
				DEBUG_INFORMATION_FORMAT = "dwarf-with-dsym";
				ENABLE_NS_ASSERTIONS = NO;
				ENABLE_STRICT_OBJC_MSGSEND = YES;
				GCC_C_LANGUAGE_STANDARD = gnu11;
				GCC_NO_COMMON_BLOCKS = YES;
				GCC_WARN_64_TO_32_BIT_CONVERSION = YES;
				GCC_WARN_ABOUT_RETURN_TYPE = YES_ERROR;
				GCC_WARN_UNDECLARED_SELECTOR = YES;
				GCC_WARN_UNINITIALIZED_AUTOS = YES_AGGRESSIVE;
				GCC_WARN_UNUSED_FUNCTION = YES;
				GCC_WARN_UNUSED_VARIABLE = YES;
				MTL_ENABLE_DEBUG_INFO = NO;
				MTL_FAST_MATH = YES;
				SWIFT_COMPILATION_MODE = wholemodule;
				SWIFT_OPTIMIZATION_LEVEL = "-O";
			};
			name = Release;
		};
		750B326E2921BF0A00BF74EF /* Debug */ = {
			isa = XCBuildConfiguration;
			buildSettings = {
				ASSETCATALOG_COMPILER_APPICON_NAME = AppIcon;
				ASSETCATALOG_COMPILER_GLOBAL_ACCENT_COLOR_NAME = AccentColor;
				CODE_SIGN_ENTITLEMENTS = WarrenChallengeRedux/WarrenChallengeRedux.entitlements;
				CODE_SIGN_STYLE = Automatic;
				CURRENT_PROJECT_VERSION = 1;
				DEVELOPMENT_ASSET_PATHS = "\"WarrenChallengeRedux/Preview Content\"";
				ENABLE_PREVIEWS = YES;
				GENERATE_INFOPLIST_FILE = YES;
				"INFOPLIST_KEY_UIApplicationSceneManifest_Generation[sdk=iphoneos*]" = YES;
				"INFOPLIST_KEY_UIApplicationSceneManifest_Generation[sdk=iphonesimulator*]" = YES;
				"INFOPLIST_KEY_UIApplicationSupportsIndirectInputEvents[sdk=iphoneos*]" = YES;
				"INFOPLIST_KEY_UIApplicationSupportsIndirectInputEvents[sdk=iphonesimulator*]" = YES;
				"INFOPLIST_KEY_UILaunchScreen_Generation[sdk=iphoneos*]" = YES;
				"INFOPLIST_KEY_UILaunchScreen_Generation[sdk=iphonesimulator*]" = YES;
				"INFOPLIST_KEY_UIStatusBarStyle[sdk=iphoneos*]" = UIStatusBarStyleDefault;
				"INFOPLIST_KEY_UIStatusBarStyle[sdk=iphonesimulator*]" = UIStatusBarStyleDefault;
				INFOPLIST_KEY_UISupportedInterfaceOrientations_iPad = "UIInterfaceOrientationPortrait UIInterfaceOrientationPortraitUpsideDown UIInterfaceOrientationLandscapeLeft UIInterfaceOrientationLandscapeRight";
				INFOPLIST_KEY_UISupportedInterfaceOrientations_iPhone = "UIInterfaceOrientationPortrait UIInterfaceOrientationLandscapeLeft UIInterfaceOrientationLandscapeRight";
				IPHONEOS_DEPLOYMENT_TARGET = 16.1;
				LD_RUNPATH_SEARCH_PATHS = "@executable_path/Frameworks";
				"LD_RUNPATH_SEARCH_PATHS[sdk=macosx*]" = "@executable_path/../Frameworks";
				MACOSX_DEPLOYMENT_TARGET = 13.0;
				MARKETING_VERSION = 1.0;
				PRODUCT_BUNDLE_IDENTIFIER = Heitor.WarrenChallengeRedux;
				PRODUCT_NAME = "$(TARGET_NAME)";
				SDKROOT = auto;
				SUPPORTED_PLATFORMS = "iphoneos iphonesimulator";
				SUPPORTS_MACCATALYST = NO;
				SUPPORTS_MAC_DESIGNED_FOR_IPHONE_IPAD = NO;
				SWIFT_EMIT_LOC_STRINGS = YES;
				SWIFT_VERSION = 5.0;
				TARGETED_DEVICE_FAMILY = "1,2";
			};
			name = Debug;
		};
		750B326F2921BF0A00BF74EF /* Release */ = {
			isa = XCBuildConfiguration;
			buildSettings = {
				ASSETCATALOG_COMPILER_APPICON_NAME = AppIcon;
				ASSETCATALOG_COMPILER_GLOBAL_ACCENT_COLOR_NAME = AccentColor;
				CODE_SIGN_ENTITLEMENTS = WarrenChallengeRedux/WarrenChallengeRedux.entitlements;
				CODE_SIGN_STYLE = Automatic;
				CURRENT_PROJECT_VERSION = 1;
				DEVELOPMENT_ASSET_PATHS = "\"WarrenChallengeRedux/Preview Content\"";
				ENABLE_PREVIEWS = YES;
				GENERATE_INFOPLIST_FILE = YES;
				"INFOPLIST_KEY_UIApplicationSceneManifest_Generation[sdk=iphoneos*]" = YES;
				"INFOPLIST_KEY_UIApplicationSceneManifest_Generation[sdk=iphonesimulator*]" = YES;
				"INFOPLIST_KEY_UIApplicationSupportsIndirectInputEvents[sdk=iphoneos*]" = YES;
				"INFOPLIST_KEY_UIApplicationSupportsIndirectInputEvents[sdk=iphonesimulator*]" = YES;
				"INFOPLIST_KEY_UILaunchScreen_Generation[sdk=iphoneos*]" = YES;
				"INFOPLIST_KEY_UILaunchScreen_Generation[sdk=iphonesimulator*]" = YES;
				"INFOPLIST_KEY_UIStatusBarStyle[sdk=iphoneos*]" = UIStatusBarStyleDefault;
				"INFOPLIST_KEY_UIStatusBarStyle[sdk=iphonesimulator*]" = UIStatusBarStyleDefault;
				INFOPLIST_KEY_UISupportedInterfaceOrientations_iPad = "UIInterfaceOrientationPortrait UIInterfaceOrientationPortraitUpsideDown UIInterfaceOrientationLandscapeLeft UIInterfaceOrientationLandscapeRight";
				INFOPLIST_KEY_UISupportedInterfaceOrientations_iPhone = "UIInterfaceOrientationPortrait UIInterfaceOrientationLandscapeLeft UIInterfaceOrientationLandscapeRight";
				IPHONEOS_DEPLOYMENT_TARGET = 16.1;
				LD_RUNPATH_SEARCH_PATHS = "@executable_path/Frameworks";
				"LD_RUNPATH_SEARCH_PATHS[sdk=macosx*]" = "@executable_path/../Frameworks";
				MACOSX_DEPLOYMENT_TARGET = 13.0;
				MARKETING_VERSION = 1.0;
				PRODUCT_BUNDLE_IDENTIFIER = Heitor.WarrenChallengeRedux;
				PRODUCT_NAME = "$(TARGET_NAME)";
				SDKROOT = auto;
				SUPPORTED_PLATFORMS = "iphoneos iphonesimulator";
				SUPPORTS_MACCATALYST = NO;
				SUPPORTS_MAC_DESIGNED_FOR_IPHONE_IPAD = NO;
				SWIFT_EMIT_LOC_STRINGS = YES;
				SWIFT_VERSION = 5.0;
				TARGETED_DEVICE_FAMILY = "1,2";
			};
			name = Release;
		};
		7590E1DA2925026E00CDAAFC /* Debug */ = {
			isa = XCBuildConfiguration;
			buildSettings = {
				BUNDLE_LOADER = "$(TEST_HOST)";
				CODE_SIGN_STYLE = Automatic;
				CURRENT_PROJECT_VERSION = 1;
				GENERATE_INFOPLIST_FILE = YES;
				IPHONEOS_DEPLOYMENT_TARGET = 16.1;
				MARKETING_VERSION = 1.0;
				PRODUCT_BUNDLE_IDENTIFIER = Heitor.WarrenChallengeReduxUnitTests;
				PRODUCT_NAME = "$(TARGET_NAME)";
				SDKROOT = iphoneos;
				SWIFT_EMIT_LOC_STRINGS = NO;
				SWIFT_VERSION = 5.0;
				TARGETED_DEVICE_FAMILY = "1,2";
				TEST_HOST = "$(BUILT_PRODUCTS_DIR)/WarrenChallengeRedux.app/$(BUNDLE_EXECUTABLE_FOLDER_PATH)/WarrenChallengeRedux";
			};
			name = Debug;
		};
		7590E1DB2925026E00CDAAFC /* Release */ = {
			isa = XCBuildConfiguration;
			buildSettings = {
				BUNDLE_LOADER = "$(TEST_HOST)";
				CODE_SIGN_STYLE = Automatic;
				CURRENT_PROJECT_VERSION = 1;
				GENERATE_INFOPLIST_FILE = YES;
				IPHONEOS_DEPLOYMENT_TARGET = 16.1;
				MARKETING_VERSION = 1.0;
				PRODUCT_BUNDLE_IDENTIFIER = Heitor.WarrenChallengeReduxUnitTests;
				PRODUCT_NAME = "$(TARGET_NAME)";
				SDKROOT = iphoneos;
				SWIFT_EMIT_LOC_STRINGS = NO;
				SWIFT_VERSION = 5.0;
				TARGETED_DEVICE_FAMILY = "1,2";
				TEST_HOST = "$(BUILT_PRODUCTS_DIR)/WarrenChallengeRedux.app/$(BUNDLE_EXECUTABLE_FOLDER_PATH)/WarrenChallengeRedux";
				VALIDATE_PRODUCT = YES;
			};
			name = Release;
		};
/* End XCBuildConfiguration section */

/* Begin XCConfigurationList section */
		750B32592921BF0700BF74EF /* Build configuration list for PBXProject "WarrenChallengeRedux" */ = {
			isa = XCConfigurationList;
			buildConfigurations = (
				750B326B2921BF0A00BF74EF /* Debug */,
				750B326C2921BF0A00BF74EF /* Release */,
			);
			defaultConfigurationIsVisible = 0;
			defaultConfigurationName = Release;
		};
		750B326D2921BF0A00BF74EF /* Build configuration list for PBXNativeTarget "WarrenChallengeRedux" */ = {
			isa = XCConfigurationList;
			buildConfigurations = (
				750B326E2921BF0A00BF74EF /* Debug */,
				750B326F2921BF0A00BF74EF /* Release */,
			);
			defaultConfigurationIsVisible = 0;
			defaultConfigurationName = Release;
		};
		7590E1DC2925026E00CDAAFC /* Build configuration list for PBXNativeTarget "WarrenChallengeReduxUnitTests" */ = {
			isa = XCConfigurationList;
			buildConfigurations = (
				7590E1DA2925026E00CDAAFC /* Debug */,
				7590E1DB2925026E00CDAAFC /* Release */,
			);
			defaultConfigurationIsVisible = 0;
			defaultConfigurationName = Release;
		};
/* End XCConfigurationList section */
	};
	rootObject = 750B32562921BF0700BF74EF /* Project object */;
}
